github.com/reservoird/icd v1.0.6 h1:ZA22kxZuCQuUUEB0Bba515g7d3oKcJ3o34ItUAxNKWg=
github.com/reservoird/icd v1.0.6/go.mod h1:GU5QGJu2Bc0QOKU0LJ+IvPXknbc3duDV0W3f1WknHoM=
github.com/reservoird/icd v1.0.7 h1:qGdJoAKHtxDwB6fHkXE7zf5KRe0ADkm6oc2x5cYb//4=
github.com/reservoird/icd v1.0.7/go.mod h1:GU5QGJu2Bc0QOKU0LJ+IvPXknbc3duDV0W3f1WknHoM=
